// !$*UTF8*$!
{
	archiveVersion = 1;
	classes = {
	};
	objectVersion = 50;
	objects = {

/* Begin PBXBuildFile section */
		469DE0922499B6F6009E449D /* AppDelegate.swift in Sources */ = {isa = PBXBuildFile; fileRef = 469DE0912499B6F6009E449D /* AppDelegate.swift */; };
		469DE0942499B6F6009E449D /* SceneDelegate.swift in Sources */ = {isa = PBXBuildFile; fileRef = 469DE0932499B6F6009E449D /* SceneDelegate.swift */; };
		469DE0962499B6F6009E449D /* ContentView.swift in Sources */ = {isa = PBXBuildFile; fileRef = 469DE0952499B6F6009E449D /* ContentView.swift */; };
		469DE0982499B6FB009E449D /* Assets.xcassets in Resources */ = {isa = PBXBuildFile; fileRef = 469DE0972499B6FB009E449D /* Assets.xcassets */; };
		469DE09B2499B6FB009E449D /* Preview Assets.xcassets in Resources */ = {isa = PBXBuildFile; fileRef = 469DE09A2499B6FB009E449D /* Preview Assets.xcassets */; };
		469DE09E2499B6FB009E449D /* LaunchScreen.storyboard in Resources */ = {isa = PBXBuildFile; fileRef = 469DE09C2499B6FB009E449D /* LaunchScreen.storyboard */; };
		469DE0A92499B6FC009E449D /* SeatAndOrderTests.swift in Sources */ = {isa = PBXBuildFile; fileRef = 469DE0A82499B6FC009E449D /* SeatAndOrderTests.swift */; };
/* End PBXBuildFile section */

/* Begin PBXContainerItemProxy section */
		469DE0A52499B6FC009E449D /* PBXContainerItemProxy */ = {
			isa = PBXContainerItemProxy;
			containerPortal = 469DE0862499B6F6009E449D /* Project object */;
			proxyType = 1;
			remoteGlobalIDString = 469DE08D2499B6F6009E449D;
			remoteInfo = SeatAndOrder;
		};
/* End PBXContainerItemProxy section */

/* Begin PBXFileReference section */
		469DE08E2499B6F6009E449D /* SeatAndOrder.app */ = {isa = PBXFileReference; explicitFileType = wrapper.application; includeInIndex = 0; path = SeatAndOrder.app; sourceTree = BUILT_PRODUCTS_DIR; };
		469DE0912499B6F6009E449D /* AppDelegate.swift */ = {isa = PBXFileReference; lastKnownFileType = sourcecode.swift; path = AppDelegate.swift; sourceTree = "<group>"; };
		469DE0932499B6F6009E449D /* SceneDelegate.swift */ = {isa = PBXFileReference; lastKnownFileType = sourcecode.swift; path = SceneDelegate.swift; sourceTree = "<group>"; };
		469DE0952499B6F6009E449D /* ContentView.swift */ = {isa = PBXFileReference; lastKnownFileType = sourcecode.swift; path = ContentView.swift; sourceTree = "<group>"; };
		469DE0972499B6FB009E449D /* Assets.xcassets */ = {isa = PBXFileReference; lastKnownFileType = folder.assetcatalog; path = Assets.xcassets; sourceTree = "<group>"; };
		469DE09A2499B6FB009E449D /* Preview Assets.xcassets */ = {isa = PBXFileReference; lastKnownFileType = folder.assetcatalog; path = "Preview Assets.xcassets"; sourceTree = "<group>"; };
		469DE09D2499B6FB009E449D /* Base */ = {isa = PBXFileReference; lastKnownFileType = file.storyboard; name = Base; path = Base.lproj/LaunchScreen.storyboard; sourceTree = "<group>"; };
		469DE09F2499B6FB009E449D /* Info.plist */ = {isa = PBXFileReference; lastKnownFileType = text.plist.xml; path = Info.plist; sourceTree = "<group>"; };
		469DE0A42499B6FC009E449D /* SeatAndOrderTests.xctest */ = {isa = PBXFileReference; explicitFileType = wrapper.cfbundle; includeInIndex = 0; path = SeatAndOrderTests.xctest; sourceTree = BUILT_PRODUCTS_DIR; };
		469DE0A82499B6FC009E449D /* SeatAndOrderTests.swift */ = {isa = PBXFileReference; lastKnownFileType = sourcecode.swift; path = SeatAndOrderTests.swift; sourceTree = "<group>"; };
		469DE0AA2499B6FC009E449D /* Info.plist */ = {isa = PBXFileReference; lastKnownFileType = text.plist.xml; path = Info.plist; sourceTree = "<group>"; };
/* End PBXFileReference section */

/* Begin PBXFrameworksBuildPhase section */
		469DE08B2499B6F6009E449D /* Frameworks */ = {
			isa = PBXFrameworksBuildPhase;
			buildActionMask = 2147483647;
			files = (
			);
			runOnlyForDeploymentPostprocessing = 0;
		};
		469DE0A12499B6FC009E449D /* Frameworks */ = {
			isa = PBXFrameworksBuildPhase;
			buildActionMask = 2147483647;
			files = (
			);
			runOnlyForDeploymentPostprocessing = 0;
		};
/* End PBXFrameworksBuildPhase section */

/* Begin PBXGroup section */
		469DE0852499B6F6009E449D = {
			isa = PBXGroup;
			children = (
				469DE0902499B6F6009E449D /* SeatAndOrder */,
				469DE0A72499B6FC009E449D /* SeatAndOrderTests */,
				469DE08F2499B6F6009E449D /* Products */,
			);
			sourceTree = "<group>";
		};
		469DE08F2499B6F6009E449D /* Products */ = {
			isa = PBXGroup;
			children = (
				469DE08E2499B6F6009E449D /* SeatAndOrder.app */,
				469DE0A42499B6FC009E449D /* SeatAndOrderTests.xctest */,
			);
			name = Products;
			sourceTree = "<group>";
		};
		469DE0902499B6F6009E449D /* SeatAndOrder */ = {
			isa = PBXGroup;
			children = (
				469DE0912499B6F6009E449D /* AppDelegate.swift */,
				469DE0932499B6F6009E449D /* SceneDelegate.swift */,
				469DE0952499B6F6009E449D /* ContentView.swift */,
				469DE0972499B6FB009E449D /* Assets.xcassets */,
				469DE09C2499B6FB009E449D /* LaunchScreen.storyboard */,
				469DE09F2499B6FB009E449D /* Info.plist */,
				469DE0992499B6FB009E449D /* Preview Content */,
			);
			path = SeatAndOrder;
			sourceTree = "<group>";
		};
		469DE0992499B6FB009E449D /* Preview Content */ = {
			isa = PBXGroup;
			children = (
				469DE09A2499B6FB009E449D /* Preview Assets.xcassets */,
			);
			path = "Preview Content";
			sourceTree = "<group>";
		};
		469DE0A72499B6FC009E449D /* SeatAndOrderTests */ = {
			isa = PBXGroup;
			children = (
				469DE0A82499B6FC009E449D /* SeatAndOrderTests.swift */,
				469DE0AA2499B6FC009E449D /* Info.plist */,
			);
			path = SeatAndOrderTests;
			sourceTree = "<group>";
		};
/* End PBXGroup section */

/* Begin PBXNativeTarget section */
		469DE08D2499B6F6009E449D /* SeatAndOrder */ = {
			isa = PBXNativeTarget;
			buildConfigurationList = 469DE0AD2499B6FC009E449D /* Build configuration list for PBXNativeTarget "SeatAndOrder" */;
			buildPhases = (
				469DE08A2499B6F6009E449D /* Sources */,
				469DE08B2499B6F6009E449D /* Frameworks */,
				469DE08C2499B6F6009E449D /* Resources */,
			);
			buildRules = (
			);
			dependencies = (
			);
			name = SeatAndOrder;
			productName = SeatAndOrder;
			productReference = 469DE08E2499B6F6009E449D /* SeatAndOrder.app */;
			productType = "com.apple.product-type.application";
		};
		469DE0A32499B6FC009E449D /* SeatAndOrderTests */ = {
			isa = PBXNativeTarget;
			buildConfigurationList = 469DE0B02499B6FC009E449D /* Build configuration list for PBXNativeTarget "SeatAndOrderTests" */;
			buildPhases = (
				469DE0A02499B6FC009E449D /* Sources */,
				469DE0A12499B6FC009E449D /* Frameworks */,
				469DE0A22499B6FC009E449D /* Resources */,
			);
			buildRules = (
			);
			dependencies = (
				469DE0A62499B6FC009E449D /* PBXTargetDependency */,
			);
			name = SeatAndOrderTests;
			productName = SeatAndOrderTests;
			productReference = 469DE0A42499B6FC009E449D /* SeatAndOrderTests.xctest */;
			productType = "com.apple.product-type.bundle.unit-test";
		};
/* End PBXNativeTarget section */

/* Begin PBXProject section */
		469DE0862499B6F6009E449D /* Project object */ = {
			isa = PBXProject;
			attributes = {
				LastSwiftUpdateCheck = 1140;
				LastUpgradeCheck = 1140;
				ORGANIZATIONNAME = "Emiliano Baublys";
				TargetAttributes = {
					469DE08D2499B6F6009E449D = {
						CreatedOnToolsVersion = 11.4.1;
					};
					469DE0A32499B6FC009E449D = {
						CreatedOnToolsVersion = 11.4.1;
						TestTargetID = 469DE08D2499B6F6009E449D;
					};
				};
			};
			buildConfigurationList = 469DE0892499B6F6009E449D /* Build configuration list for PBXProject "SeatAndOrder" */;
			compatibilityVersion = "Xcode 9.3";
			developmentRegion = en;
			hasScannedForEncodings = 0;
			knownRegions = (
				en,
				Base,
			);
			mainGroup = 469DE0852499B6F6009E449D;
			productRefGroup = 469DE08F2499B6F6009E449D /* Products */;
			projectDirPath = "";
			projectRoot = "";
			targets = (
				469DE08D2499B6F6009E449D /* SeatAndOrder */,
				469DE0A32499B6FC009E449D /* SeatAndOrderTests */,
			);
		};
/* End PBXProject section */

/* Begin PBXResourcesBuildPhase section */
		469DE08C2499B6F6009E449D /* Resources */ = {
			isa = PBXResourcesBuildPhase;
			buildActionMask = 2147483647;
			files = (
				469DE09E2499B6FB009E449D /* LaunchScreen.storyboard in Resources */,
				469DE09B2499B6FB009E449D /* Preview Assets.xcassets in Resources */,
				469DE0982499B6FB009E449D /* Assets.xcassets in Resources */,
			);
			runOnlyForDeploymentPostprocessing = 0;
		};
		469DE0A22499B6FC009E449D /* Resources */ = {
			isa = PBXResourcesBuildPhase;
			buildActionMask = 2147483647;
			files = (
			);
			runOnlyForDeploymentPostprocessing = 0;
		};
/* End PBXResourcesBuildPhase section */

/* Begin PBXSourcesBuildPhase section */
		469DE08A2499B6F6009E449D /* Sources */ = {
			isa = PBXSourcesBuildPhase;
			buildActionMask = 2147483647;
			files = (
				469DE0922499B6F6009E449D /* AppDelegate.swift in Sources */,
				469DE0942499B6F6009E449D /* SceneDelegate.swift in Sources */,
				469DE0962499B6F6009E449D /* ContentView.swift in Sources */,
			);
			runOnlyForDeploymentPostprocessing = 0;
		};
		469DE0A02499B6FC009E449D /* Sources */ = {
			isa = PBXSourcesBuildPhase;
			buildActionMask = 2147483647;
			files = (
				469DE0A92499B6FC009E449D /* SeatAndOrderTests.swift in Sources */,
			);
			runOnlyForDeploymentPostprocessing = 0;
		};
/* End PBXSourcesBuildPhase section */

/* Begin PBXTargetDependency section */
		469DE0A62499B6FC009E449D /* PBXTargetDependency */ = {
			isa = PBXTargetDependency;
			target = 469DE08D2499B6F6009E449D /* SeatAndOrder */;
			targetProxy = 469DE0A52499B6FC009E449D /* PBXContainerItemProxy */;
		};
/* End PBXTargetDependency section */

/* Begin PBXVariantGroup section */
		469DE09C2499B6FB009E449D /* LaunchScreen.storyboard */ = {
			isa = PBXVariantGroup;
			children = (
				469DE09D2499B6FB009E449D /* Base */,
			);
			name = LaunchScreen.storyboard;
			sourceTree = "<group>";
		};
/* End PBXVariantGroup section */

/* Begin XCBuildConfiguration section */
		469DE0AB2499B6FC009E449D /* Debug */ = {
			isa = XCBuildConfiguration;
			buildSettings = {
				ALWAYS_SEARCH_USER_PATHS = NO;
				CLANG_ANALYZER_NONNULL = YES;
				CLANG_ANALYZER_NUMBER_OBJECT_CONVERSION = YES_AGGRESSIVE;
				CLANG_CXX_LANGUAGE_STANDARD = "gnu++14";
				CLANG_CXX_LIBRARY = "libc++";
				CLANG_ENABLE_MODULES = YES;
				CLANG_ENABLE_OBJC_ARC = YES;
				CLANG_ENABLE_OBJC_WEAK = YES;
				CLANG_WARN_BLOCK_CAPTURE_AUTORELEASING = YES;
				CLANG_WARN_BOOL_CONVERSION = YES;
				CLANG_WARN_COMMA = YES;
				CLANG_WARN_CONSTANT_CONVERSION = YES;
				CLANG_WARN_DEPRECATED_OBJC_IMPLEMENTATIONS = YES;
				CLANG_WARN_DIRECT_OBJC_ISA_USAGE = YES_ERROR;
				CLANG_WARN_DOCUMENTATION_COMMENTS = YES;
				CLANG_WARN_EMPTY_BODY = YES;
				CLANG_WARN_ENUM_CONVERSION = YES;
				CLANG_WARN_INFINITE_RECURSION = YES;
				CLANG_WARN_INT_CONVERSION = YES;
				CLANG_WARN_NON_LITERAL_NULL_CONVERSION = YES;
				CLANG_WARN_OBJC_IMPLICIT_RETAIN_SELF = YES;
				CLANG_WARN_OBJC_LITERAL_CONVERSION = YES;
				CLANG_WARN_OBJC_ROOT_CLASS = YES_ERROR;
				CLANG_WARN_RANGE_LOOP_ANALYSIS = YES;
				CLANG_WARN_STRICT_PROTOTYPES = YES;
				CLANG_WARN_SUSPICIOUS_MOVE = YES;
				CLANG_WARN_UNGUARDED_AVAILABILITY = YES_AGGRESSIVE;
				CLANG_WARN_UNREACHABLE_CODE = YES;
				CLANG_WARN__DUPLICATE_METHOD_MATCH = YES;
				COPY_PHASE_STRIP = NO;
				DEBUG_INFORMATION_FORMAT = dwarf;
				ENABLE_STRICT_OBJC_MSGSEND = YES;
				ENABLE_TESTABILITY = YES;
				GCC_C_LANGUAGE_STANDARD = gnu11;
				GCC_DYNAMIC_NO_PIC = NO;
				GCC_NO_COMMON_BLOCKS = YES;
				GCC_OPTIMIZATION_LEVEL = 0;
				GCC_PREPROCESSOR_DEFINITIONS = (
					"DEBUG=1",
					"$(inherited)",
				);
				GCC_WARN_64_TO_32_BIT_CONVERSION = YES;
				GCC_WARN_ABOUT_RETURN_TYPE = YES_ERROR;
				GCC_WARN_UNDECLARED_SELECTOR = YES;
				GCC_WARN_UNINITIALIZED_AUTOS = YES_AGGRESSIVE;
				GCC_WARN_UNUSED_FUNCTION = YES;
				GCC_WARN_UNUSED_VARIABLE = YES;
				IPHONEOS_DEPLOYMENT_TARGET = 13.4;
				MTL_ENABLE_DEBUG_INFO = INCLUDE_SOURCE;
				MTL_FAST_MATH = YES;
				ONLY_ACTIVE_ARCH = YES;
				SDKROOT = iphoneos;
				SWIFT_ACTIVE_COMPILATION_CONDITIONS = DEBUG;
				SWIFT_OPTIMIZATION_LEVEL = "-Onone";
			};
			name = Debug;
		};
		469DE0AC2499B6FC009E449D /* Release */ = {
			isa = XCBuildConfiguration;
			buildSettings = {
				ALWAYS_SEARCH_USER_PATHS = NO;
				CLANG_ANALYZER_NONNULL = YES;
				CLANG_ANALYZER_NUMBER_OBJECT_CONVERSION = YES_AGGRESSIVE;
				CLANG_CXX_LANGUAGE_STANDARD = "gnu++14";
				CLANG_CXX_LIBRARY = "libc++";
				CLANG_ENABLE_MODULES = YES;
				CLANG_ENABLE_OBJC_ARC = YES;
				CLANG_ENABLE_OBJC_WEAK = YES;
				CLANG_WARN_BLOCK_CAPTURE_AUTORELEASING = YES;
				CLANG_WARN_BOOL_CONVERSION = YES;
				CLANG_WARN_COMMA = YES;
				CLANG_WARN_CONSTANT_CONVERSION = YES;
				CLANG_WARN_DEPRECATED_OBJC_IMPLEMENTATIONS = YES;
				CLANG_WARN_DIRECT_OBJC_ISA_USAGE = YES_ERROR;
				CLANG_WARN_DOCUMENTATION_COMMENTS = YES;
				CLANG_WARN_EMPTY_BODY = YES;
				CLANG_WARN_ENUM_CONVERSION = YES;
				CLANG_WARN_INFINITE_RECURSION = YES;
				CLANG_WARN_INT_CONVERSION = YES;
				CLANG_WARN_NON_LITERAL_NULL_CONVERSION = YES;
				CLANG_WARN_OBJC_IMPLICIT_RETAIN_SELF = YES;
				CLANG_WARN_OBJC_LITERAL_CONVERSION = YES;
				CLANG_WARN_OBJC_ROOT_CLASS = YES_ERROR;
				CLANG_WARN_RANGE_LOOP_ANALYSIS = YES;
				CLANG_WARN_STRICT_PROTOTYPES = YES;
				CLANG_WARN_SUSPICIOUS_MOVE = YES;
				CLANG_WARN_UNGUARDED_AVAILABILITY = YES_AGGRESSIVE;
				CLANG_WARN_UNREACHABLE_CODE = YES;
				CLANG_WARN__DUPLICATE_METHOD_MATCH = YES;
				COPY_PHASE_STRIP = NO;
				DEBUG_INFORMATION_FORMAT = "dwarf-with-dsym";
				ENABLE_NS_ASSERTIONS = NO;
				ENABLE_STRICT_OBJC_MSGSEND = YES;
				GCC_C_LANGUAGE_STANDARD = gnu11;
				GCC_NO_COMMON_BLOCKS = YES;
				GCC_WARN_64_TO_32_BIT_CONVERSION = YES;
				GCC_WARN_ABOUT_RETURN_TYPE = YES_ERROR;
				GCC_WARN_UNDECLARED_SELECTOR = YES;
				GCC_WARN_UNINITIALIZED_AUTOS = YES_AGGRESSIVE;
				GCC_WARN_UNUSED_FUNCTION = YES;
				GCC_WARN_UNUSED_VARIABLE = YES;
				IPHONEOS_DEPLOYMENT_TARGET = 13.4;
				MTL_ENABLE_DEBUG_INFO = NO;
				MTL_FAST_MATH = YES;
				SDKROOT = iphoneos;
				SWIFT_COMPILATION_MODE = wholemodule;
				SWIFT_OPTIMIZATION_LEVEL = "-O";
				VALIDATE_PRODUCT = YES;
			};
			name = Release;
		};
		469DE0AE2499B6FC009E449D /* Debug */ = {
			isa = XCBuildConfiguration;
			buildSettings = {
				ASSETCATALOG_COMPILER_APPICON_NAME = AppIcon;
				CODE_SIGN_STYLE = Automatic;
				DEVELOPMENT_ASSET_PATHS = "\"SeatAndOrder/Preview Content\"";
				ENABLE_PREVIEWS = YES;
				INFOPLIST_FILE = SeatAndOrder/Info.plist;
				LD_RUNPATH_SEARCH_PATHS = (
					"$(inherited)",
					"@executable_path/Frameworks",
				);
				PRODUCT_BUNDLE_IDENTIFIER = com.eb.SeatAndOrder;
				PRODUCT_NAME = "$(TARGET_NAME)";
				SWIFT_VERSION = 5.0;
				TARGETED_DEVICE_FAMILY = "1,2";
			};
			name = Debug;
		};
		469DE0AF2499B6FC009E449D /* Release */ = {
			isa = XCBuildConfiguration;
			buildSettings = {
				ASSETCATALOG_COMPILER_APPICON_NAME = AppIcon;
				CODE_SIGN_STYLE = Automatic;
				DEVELOPMENT_ASSET_PATHS = "\"SeatAndOrder/Preview Content\"";
				ENABLE_PREVIEWS = YES;
				INFOPLIST_FILE = SeatAndOrder/Info.plist;
				LD_RUNPATH_SEARCH_PATHS = (
					"$(inherited)",
					"@executable_path/Frameworks",
				);
				PRODUCT_BUNDLE_IDENTIFIER = com.eb.SeatAndOrder;
				PRODUCT_NAME = "$(TARGET_NAME)";
				SWIFT_VERSION = 5.0;
				TARGETED_DEVICE_FAMILY = "1,2";
			};
			name = Release;
		};
		469DE0B12499B6FC009E449D /* Debug */ = {
			isa = XCBuildConfiguration;
			buildSettings = {
				ALWAYS_EMBED_SWIFT_STANDARD_LIBRARIES = YES;
				BUNDLE_LOADER = "$(TEST_HOST)";
				CODE_SIGN_STYLE = Automatic;
				INFOPLIST_FILE = SeatAndOrderTests/Info.plist;
				IPHONEOS_DEPLOYMENT_TARGET = 13.4;
				LD_RUNPATH_SEARCH_PATHS = (
					"$(inherited)",
					"@executable_path/Frameworks",
					"@loader_path/Frameworks",
				);
				PRODUCT_BUNDLE_IDENTIFIER = com.eb.SeatAndOrderTests;
				PRODUCT_NAME = "$(TARGET_NAME)";
				SWIFT_VERSION = 5.0;
				TARGETED_DEVICE_FAMILY = "1,2";
				TEST_HOST = "$(BUILT_PRODUCTS_DIR)/SeatAndOrder.app/SeatAndOrder";
			};
			name = Debug;
		};
		469DE0B22499B6FC009E449D /* Release */ = {
			isa = XCBuildConfiguration;
			buildSettings = {
				ALWAYS_EMBED_SWIFT_STANDARD_LIBRARIES = YES;
				BUNDLE_LOADER = "$(TEST_HOST)";
				CODE_SIGN_STYLE = Automatic;
				INFOPLIST_FILE = SeatAndOrderTests/Info.plist;
				IPHONEOS_DEPLOYMENT_TARGET = 13.4;
				LD_RUNPATH_SEARCH_PATHS = (
					"$(inherited)",
					"@executable_path/Frameworks",
					"@loader_path/Frameworks",
				);
				PRODUCT_BUNDLE_IDENTIFIER = com.eb.SeatAndOrderTests;
				PRODUCT_NAME = "$(TARGET_NAME)";
				SWIFT_VERSION = 5.0;
				TARGETED_DEVICE_FAMILY = "1,2";
				TEST_HOST = "$(BUILT_PRODUCTS_DIR)/SeatAndOrder.app/SeatAndOrder";
			};
			name = Release;
		};
/* End XCBuildConfiguration section */

/* Begin XCConfigurationList section */
		469DE0892499B6F6009E449D /* Build configuration list for PBXProject "SeatAndOrder" */ = {
			isa = XCConfigurationList;
			buildConfigurations = (
				469DE0AB2499B6FC009E449D /* Debug */,
				469DE0AC2499B6FC009E449D /* Release */,
			);
			defaultConfigurationIsVisible = 0;
			defaultConfigurationName = Release;
		};
		469DE0AD2499B6FC009E449D /* Build configuration list for PBXNativeTarget "SeatAndOrder" */ = {
			isa = XCConfigurationList;
			buildConfigurations = (
				469DE0AE2499B6FC009E449D /* Debug */,
				469DE0AF2499B6FC009E449D /* Release */,
			);
			defaultConfigurationIsVisible = 0;
			defaultConfigurationName = Release;
		};
		469DE0B02499B6FC009E449D /* Build configuration list for PBXNativeTarget "SeatAndOrderTests" */ = {
			isa = XCConfigurationList;
			buildConfigurations = (
				469DE0B12499B6FC009E449D /* Debug */,
				469DE0B22499B6FC009E449D /* Release */,
			);
			defaultConfigurationIsVisible = 0;
			defaultConfigurationName = Release;
		};
/* End XCConfigurationList section */
	};
	rootObject = 469DE0862499B6F6009E449D /* Project object */;
}
